
Microsoft Visual Studio Solution File, Format Version 12.00
# Visual Studio Version 16
VisualStudioVersion = 16.0.31911.196
MinimumVisualStudioVersion = 10.0.40219.1
Project("{FAE04EC0-301F-11D3-BF4B-00C04F79EFBC}") = "_Linq", "_Linq\_Linq.csproj", "{EC236A06-510E-46C1-B504-07A3019E7FE6}"
EndProject
Global
	GlobalSection(SolutionConfigurationPlatforms) = preSolution
		Debug|Any CPU = Debug|Any CPU
		Release|Any CPU = Release|Any CPU
	EndGlobalSection
	GlobalSection(ProjectConfigurationPlatforms) = postSolution
		{EC236A06-510E-46C1-B504-07A3019E7FE6}.Debug|Any CPU.ActiveCfg = Debug|Any CPU
		{EC236A06-510E-46C1-B504-07A3019E7FE6}.Debug|Any CPU.Build.0 = Debug|Any CPU
		{EC236A06-510E-46C1-B504-07A3019E7FE6}.Release|Any CPU.ActiveCfg = Release|Any CPU
		{EC236A06-510E-46C1-B504-07A3019E7FE6}.Release|Any CPU.Build.0 = Release|Any CPU
	EndGlobalSection
	GlobalSection(SolutionProperties) = preSolution
		HideSolutionNode = FALSE
	EndGlobalSection
	GlobalSection(ExtensibilityGlobals) = postSolution
		SolutionGuid = {6071E6CD-CCFD-448A-827D-E603C4CDFC51}
	EndGlobalSection
EndGlobal
